// !$*UTF8*$!
{
	archiveVersion = 1;
	classes = {
	};
	objectVersion = 77;
	objects = {

/* Begin PBXBuildFile section */
		08E490203ECF3FA282D994F6 /* NotificationService.swift in Sources */ = {isa = PBXBuildFile; fileRef = 5FD93F710FAFE01DCB6FA995 /* NotificationService.swift */; };
		0D781945BA5E2B69C145B75D /* SharedStore.swift in Sources */ = {isa = PBXBuildFile; fileRef = EE4D058ACA4F2EDF5BBD834D /* SharedStore.swift */; };
		0E5C75B2EBDA1E033FE1A6E5 /* QuestionEditor.swift in Sources */ = {isa = PBXBuildFile; fileRef = 987CE514B43DF436FA2B7CD4 /* QuestionEditor.swift */; };
		108F32DE66D1AD0F2F006F7D /* IntentTests.swift in Sources */ = {isa = PBXBuildFile; fileRef = 34E3BB3F6A96E7DBD064BA39 /* IntentTests.swift */; };
		11969959AC26B78FAE445AB8 /* LiveActivityService.swift in Sources */ = {isa = PBXBuildFile; fileRef = AD9927D10FEBAE84DED66225 /* LiveActivityService.swift */; };
		11C14115BDCBFBE16307688B /* RootView.swift in Sources */ = {isa = PBXBuildFile; fileRef = B741C86996438277C74BD446 /* RootView.swift */; };
		13036872F5EA21AAA202988E /* NestWatch.app in Embed Dependencies */ = {isa = PBXBuildFile; fileRef = 84CE6EC5898CC13F3B48B74C /* NestWatch.app */; settings = {ATTRIBUTES = (RemoveHeadersOnCopy, ); }; };
		1821DD3DE2DD287CB5D350B5 /* LogSheet.swift in Sources */ = {isa = PBXBuildFile; fileRef = 16BEC7210F5ABF2C47176C49 /* LogSheet.swift */; };
		1E36AC2BF30E73C5E0A9DB81 /* IntentEnums.swift in Sources */ = {isa = PBXBuildFile; fileRef = F76126193CEE235D4080DEBE /* IntentEnums.swift */; };
		1FAC616E61F651424979241D /* FeedAlarmService.swift in Sources */ = {isa = PBXBuildFile; fileRef = FF3DAFCA7BEEFF53FBC1DB61 /* FeedAlarmService.swift */; };
		23B871EEE879BDA76AFFE09D /* NestIntents.swift in Sources */ = {isa = PBXBuildFile; fileRef = 98634FC7A338576601FF335C /* NestIntents.swift */; };
		2482B91145A1BDE78F8800DD /* NestShortcuts.swift in Sources */ = {isa = PBXBuildFile; fileRef = 72B27B5855E2DE137996202A /* NestShortcuts.swift */; };
		278C8707FE69CA946F6B1C76 /* SharedStore.swift in Sources */ = {isa = PBXBuildFile; fileRef = EE4D058ACA4F2EDF5BBD834D /* SharedStore.swift */; };
		31D4F06DE9A0C5825191C02B /* AvatarModel.swift in Sources */ = {isa = PBXBuildFile; fileRef = 326381AE896EAD54835ECBDF /* AvatarModel.swift */; };
		3217FE93AD615AB333C2B91C /* BackdatePicker.swift in Sources */ = {isa = PBXBuildFile; fileRef = C79558BAF6D22404B2CB51E9 /* BackdatePicker.swift */; };
		360AC313C45F6A52030A9549 /* NestIntents.swift in Sources */ = {isa = PBXBuildFile; fileRef = 98634FC7A338576601FF335C /* NestIntents.swift */; };
		368D3EEFAA11E01F431E40C7 /* NestIntents.swift in Sources */ = {isa = PBXBuildFile; fileRef = 98634FC7A338576601FF335C /* NestIntents.swift */; };
		38853BE5DDF19C26FB61A85A /* HuckleberryImportSheet.swift in Sources */ = {isa = PBXBuildFile; fileRef = DF4892E766D75B7D41F282F3 /* HuckleberryImportSheet.swift */; };
		40F4D86CA0C935277FC2412A /* EventStyle.swift in Sources */ = {isa = PBXBuildFile; fileRef = A1683DF1598F2648F6D06844 /* EventStyle.swift */; };
		41C2EFFC0D2B0E9BEBAD2932 /* SideEffects.swift in Sources */ = {isa = PBXBuildFile; fileRef = FBA0BDD26A76255088FBA397 /* SideEffects.swift */; };
		43D4C026CEBC829E33568706 /* SharedStore.swift in Sources */ = {isa = PBXBuildFile; fileRef = EE4D058ACA4F2EDF5BBD834D /* SharedStore.swift */; };
		49103C70B8E98DA223C19ADC /* Controls.swift in Sources */ = {isa = PBXBuildFile; fileRef = 3F24FDE3A38A0D8EFD9E45EA /* Controls.swift */; };
		4AEE996F4456473072FCA8B0 /* IntentEnums.swift in Sources */ = {isa = PBXBuildFile; fileRef = F76126193CEE235D4080DEBE /* IntentEnums.swift */; };
		56DE89C97385C17B20FEED0F /* NestApp.swift in Sources */ = {isa = PBXBuildFile; fileRef = B5E00220E905CC67F1063AF5 /* NestApp.swift */; };
		5C00951953EB2CF2C44EAB3E /* AvatarCropView.swift in Sources */ = {isa = PBXBuildFile; fileRef = 922A89642498BC36826F4669 /* AvatarCropView.swift */; };
		5C118D0DE6231A2B8C6D2418 /* OnboardingView.swift in Sources */ = {isa = PBXBuildFile; fileRef = 5653F4AA41CA54E419D98AB3 /* OnboardingView.swift */; };
		5F78ECF267703E44811A5985 /* StatusProvider.swift in Sources */ = {isa = PBXBuildFile; fileRef = B3CB48DF8186020B17903D3A /* StatusProvider.swift */; };
		66C80F777DD4AB80154D9D07 /* TrendCharts.swift in Sources */ = {isa = PBXBuildFile; fileRef = 19CE45834F7EF43BEF790E70 /* TrendCharts.swift */; };
		66DB0BB0840B5CE174EF4E6F /* NestComplications.swift in Sources */ = {isa = PBXBuildFile; fileRef = 59A6EA0806841E5B1B73244D /* NestComplications.swift */; };
		6742B8E1D62C1E14490BD948 /* NestCore in Frameworks */ = {isa = PBXBuildFile; productRef = E11F38CE40596571C394F380 /* NestCore */; };
		6B4198F3DAF3CBAD30EE0181 /* NestData in Frameworks */ = {isa = PBXBuildFile; productRef = EFA152AEFD3D1000AB281EDC /* NestData */; };
		6EA49EDF35E3897875C0404B /* SettingsView.swift in Sources */ = {isa = PBXBuildFile; fileRef = BF5D23732A733E5ECF18AAFE /* SettingsView.swift */; };
		7163FA6BBAED4AD59037957E /* NestData in Frameworks */ = {isa = PBXBuildFile; productRef = 97C6049E6AAC09DB2F5F2171 /* NestData */; };
		7276090B7E8B7D26EB3BFD93 /* SharedStore.swift in Sources */ = {isa = PBXBuildFile; fileRef = EE4D058ACA4F2EDF5BBD834D /* SharedStore.swift */; };
		78AAA1F45D21DCBA025D4223 /* Assets.xcassets in Resources */ = {isa = PBXBuildFile; fileRef = 7E8B4B1B6A0FC01107EB3677 /* Assets.xcassets */; };
		79C3436B8D655C70BAD78159 /* RichTextBridge.swift in Sources */ = {isa = PBXBuildFile; fileRef = 1A1C9A599D56B164A0D01B13 /* RichTextBridge.swift */; };
		7FA1411A6A884BC879CFC589 /* NestTimerAttributes.swift in Sources */ = {isa = PBXBuildFile; fileRef = 11793A024806F0BF46598856 /* NestTimerAttributes.swift */; };
		81433FC0217D65232AB6D24E /* AvatarEditor.swift in Sources */ = {isa = PBXBuildFile; fileRef = B5B88DA9C576FBD0EBA66C32 /* AvatarEditor.swift */; };
		81F906E11A9CD8C07FADF021 /* NestCore in Frameworks */ = {isa = PBXBuildFile; productRef = 7AFAA1539A9404346C235EA8 /* NestCore */; };
		86685DA7B20E9C86FE7B25FC /* TimerLiveActivity.swift in Sources */ = {isa = PBXBuildFile; fileRef = AD6B1104F4EC65828FCAC57D /* TimerLiveActivity.swift */; };
		8F181ED6DD0921C4EA0F641C /* NestWidgets.appex in Embed Foundation Extensions */ = {isa = PBXBuildFile; fileRef = 4A00EA2C48A6F162A9D8D03A /* NestWidgets.appex */; settings = {ATTRIBUTES = (RemoveHeadersOnCopy, ); }; };
		95C6918C7DF347FD5E2B1B13 /* NestCore in Frameworks */ = {isa = PBXBuildFile; productRef = 6C1E3D6CB1BC1C2E85379C41 /* NestCore */; };
		9D8FF625A95BD9F1C3E7D154 /* NestData in Frameworks */ = {isa = PBXBuildFile; productRef = D613E36B7E97DE73A9DB843E /* NestData */; };
		9FA03C7C43D876E8A4E2A54C /* NestCore in Frameworks */ = {isa = PBXBuildFile; productRef = E0A55B5589292E65CB5807C8 /* NestCore */; };
		A11759155E5A2CC7CA91FD3A /* PartnerPushService.swift in Sources */ = {isa = PBXBuildFile; fileRef = C6BF066360B4FB00EAFB59A2 /* PartnerPushService.swift */; };
		A5697D72261E03C27E247DEF /* NestWidgetsBundle.swift in Sources */ = {isa = PBXBuildFile; fileRef = 7CCA58D6457CBCBAD777B0C8 /* NestWidgetsBundle.swift */; };
		A6285B180A81962C60FA4ED3 /* NestWatchWidgets.appex in Embed Foundation Extensions */ = {isa = PBXBuildFile; fileRef = 52B768D4B6D57190D3D03B91 /* NestWatchWidgets.appex */; settings = {ATTRIBUTES = (RemoveHeadersOnCopy, ); }; };
		A7BDF1F1865893EE5CD631F9 /* EventStyle.swift in Sources */ = {isa = PBXBuildFile; fileRef = A1683DF1598F2648F6D06844 /* EventStyle.swift */; };
		A878A9366FF1A731B764D533 /* AppModel.swift in Sources */ = {isa = PBXBuildFile; fileRef = 031671DDBBAA7AC50FAC212F /* AppModel.swift */; };
		ABFB69B6376617160FD32DFC /* EventStyle.swift in Sources */ = {isa = PBXBuildFile; fileRef = A1683DF1598F2648F6D06844 /* EventStyle.swift */; };
		AF61C4107B43BD0EBA42FFC1 /* ReportRenderer.swift in Sources */ = {isa = PBXBuildFile; fileRef = 534E8531C24D901C2EE66620 /* ReportRenderer.swift */; };
		B43991AAB2A53FC74D4896E2 /* NestTimerAttributes.swift in Sources */ = {isa = PBXBuildFile; fileRef = 11793A024806F0BF46598856 /* NestTimerAttributes.swift */; };
		B479512C8D42E7571CF6DE8D /* StatusProvider.swift in Sources */ = {isa = PBXBuildFile; fileRef = B3CB48DF8186020B17903D3A /* StatusProvider.swift */; };
		B918EEADE70FB66B67EC5634 /* QuestionsView.swift in Sources */ = {isa = PBXBuildFile; fileRef = 6C3598DB824CDCBE9B868CB6 /* QuestionsView.swift */; };
		BCDD15C9498BC7838A8E8C24 /* TrendsView.swift in Sources */ = {isa = PBXBuildFile; fileRef = ECC3271544325FF06800D12A /* TrendsView.swift */; };
		BF8331122851257B5FEB5505 /* EntryEditor.swift in Sources */ = {isa = PBXBuildFile; fileRef = 06BA46C507947A1F66125001 /* EntryEditor.swift */; };
		C1EAAC94DAE8A042F185AD27 /* Assets.xcassets in Resources */ = {isa = PBXBuildFile; fileRef = 47C6D71FC8E214CB7FA43E18 /* Assets.xcassets */; };
		C47F6ECE06C41FAD8BA5763E /* StatusWidgets.swift in Sources */ = {isa = PBXBuildFile; fileRef = 492E4E5138DEF1EBA715D94F /* StatusWidgets.swift */; };
		D0B887D51594BEC80985277E /* NestWatchApp.swift in Sources */ = {isa = PBXBuildFile; fileRef = A3668DF6FA30E0D008C8E276 /* NestWatchApp.swift */; };
		D65852354E61C79AAEC6EA70 /* IntentEnums.swift in Sources */ = {isa = PBXBuildFile; fileRef = F76126193CEE235D4080DEBE /* IntentEnums.swift */; };
		D66DF45361E282DB3BAB1D96 /* NowView.swift in Sources */ = {isa = PBXBuildFile; fileRef = 4ADA1DBE95652F102549F3F8 /* NowView.swift */; };
		DC20ED10530C18C265B76312 /* StatusProvider.swift in Sources */ = {isa = PBXBuildFile; fileRef = B3CB48DF8186020B17903D3A /* StatusProvider.swift */; };
		DDDB7ECEFE114AE89C6E5D19 /* NestData in Frameworks */ = {isa = PBXBuildFile; productRef = DAC69ACE5798210CD04F68D5 /* NestData */; };
		E355E5301D3211E01A5D3089 /* SummaryService.swift in Sources */ = {isa = PBXBuildFile; fileRef = 34844F7A6BDAA3899E442E22 /* SummaryService.swift */; };
		EB670FFE30DF87DC6C7A4385 /* Design.swift in Sources */ = {isa = PBXBuildFile; fileRef = 29421CBBF34844616D20978D /* Design.swift */; };
		F76063C08CC4FF817D0BF16C /* EventStyle.swift in Sources */ = {isa = PBXBuildFile; fileRef = A1683DF1598F2648F6D06844 /* EventStyle.swift */; };
		FC71BD8A1415EA0875D7A6DD /* TimelineScreen.swift in Sources */ = {isa = PBXBuildFile; fileRef = 093ED577C2393025F04ADA78 /* TimelineScreen.swift */; };
		FE6A3FF87861DAC4DC050A93 /* AlarmCard.swift in Sources */ = {isa = PBXBuildFile; fileRef = 07D4C90E5D579602095ACF4E /* AlarmCard.swift */; };
/* End PBXBuildFile section */

/* Begin PBXContainerItemProxy section */
		059A5B10EA2FF65D09813B1A /* PBXContainerItemProxy */ = {
			isa = PBXContainerItemProxy;
			containerPortal = 4B84DD9B1BDB714B1F6BDDF4 /* Project object */;
			proxyType = 1;
			remoteGlobalIDString = 8A1DA437A7E7D74D585342C1;
			remoteInfo = NestWatchWidgets;
		};
		64FE2B7863B3A31BAE1C962F /* PBXContainerItemProxy */ = {
			isa = PBXContainerItemProxy;
			containerPortal = 4B84DD9B1BDB714B1F6BDDF4 /* Project object */;
			proxyType = 1;
			remoteGlobalIDString = B8782728D621F2DF545930A1;
			remoteInfo = Nest;
		};
		7A85F2A2A9637382DA6AE76F /* PBXContainerItemProxy */ = {
			isa = PBXContainerItemProxy;
			containerPortal = 4B84DD9B1BDB714B1F6BDDF4 /* Project object */;
			proxyType = 1;
			remoteGlobalIDString = E1B8844544FC4FE6D196C0D1;
			remoteInfo = NestWatch;
		};
		C6C2881D10A0A1D3FAF3F38F /* PBXContainerItemProxy */ = {
			isa = PBXContainerItemProxy;
			containerPortal = 4B84DD9B1BDB714B1F6BDDF4 /* Project object */;
			proxyType = 1;
			remoteGlobalIDString = C53AE8A5156D0931DA6A82AA;
			remoteInfo = NestWidgets;
		};
/* End PBXContainerItemProxy section */

/* Begin PBXCopyFilesBuildPhase section */
		1109E9E43C39E3BC39E54EA3 /* Embed Foundation Extensions */ = {
			isa = PBXCopyFilesBuildPhase;
			buildActionMask = 2147483647;
			dstPath = "";
			dstSubfolderSpec = 13;
			files = (
				A6285B180A81962C60FA4ED3 /* NestWatchWidgets.appex in Embed Foundation Extensions */,
			);
			name = "Embed Foundation Extensions";
			runOnlyForDeploymentPostprocessing = 0;
		};
		34FAD6B0441B917504AC365C /* Embed Foundation Extensions */ = {
			isa = PBXCopyFilesBuildPhase;
			buildActionMask = 2147483647;
			dstPath = "";
			dstSubfolderSpec = 13;
			files = (
				8F181ED6DD0921C4EA0F641C /* NestWidgets.appex in Embed Foundation Extensions */,
			);
			name = "Embed Foundation Extensions";
			runOnlyForDeploymentPostprocessing = 0;
		};
		387118E189B9EA9E6957A5C5 /* Embed Dependencies */ = {
			isa = PBXCopyFilesBuildPhase;
			buildActionMask = 2147483647;
			dstPath = "$(CONTENTS_FOLDER_PATH)/Watch";
			dstSubfolderSpec = 16;
			files = (
				13036872F5EA21AAA202988E /* NestWatch.app in Embed Dependencies */,
			);
			name = "Embed Dependencies";
			runOnlyForDeploymentPostprocessing = 0;
		};
/* End PBXCopyFilesBuildPhase section */

/* Begin PBXFileReference section */
		031671DDBBAA7AC50FAC212F /* AppModel.swift */ = {isa = PBXFileReference; lastKnownFileType = sourcecode.swift; path = AppModel.swift; sourceTree = "<group>"; };
		06BA46C507947A1F66125001 /* EntryEditor.swift */ = {isa = PBXFileReference; lastKnownFileType = sourcecode.swift; path = EntryEditor.swift; sourceTree = "<group>"; };
		07D4C90E5D579602095ACF4E /* AlarmCard.swift */ = {isa = PBXFileReference; lastKnownFileType = sourcecode.swift; path = AlarmCard.swift; sourceTree = "<group>"; };
		093ED577C2393025F04ADA78 /* TimelineScreen.swift */ = {isa = PBXFileReference; lastKnownFileType = sourcecode.swift; path = TimelineScreen.swift; sourceTree = "<group>"; };
		11793A024806F0BF46598856 /* NestTimerAttributes.swift */ = {isa = PBXFileReference; lastKnownFileType = sourcecode.swift; path = NestTimerAttributes.swift; sourceTree = "<group>"; };
		16BEC7210F5ABF2C47176C49 /* LogSheet.swift */ = {isa = PBXFileReference; lastKnownFileType = sourcecode.swift; path = LogSheet.swift; sourceTree = "<group>"; };
		19CE45834F7EF43BEF790E70 /* TrendCharts.swift */ = {isa = PBXFileReference; lastKnownFileType = sourcecode.swift; path = TrendCharts.swift; sourceTree = "<group>"; };
		1A1C9A599D56B164A0D01B13 /* RichTextBridge.swift */ = {isa = PBXFileReference; lastKnownFileType = sourcecode.swift; path = RichTextBridge.swift; sourceTree = "<group>"; };
		29421CBBF34844616D20978D /* Design.swift */ = {isa = PBXFileReference; lastKnownFileType = sourcecode.swift; path = Design.swift; sourceTree = "<group>"; };
		31B2616F14F6BC2EA5F93475 /* NestTests.xctest */ = {isa = PBXFileReference; includeInIndex = 0; lastKnownFileType = wrapper.cfbundle; path = NestTests.xctest; sourceTree = BUILT_PRODUCTS_DIR; };
		326381AE896EAD54835ECBDF /* AvatarModel.swift */ = {isa = PBXFileReference; lastKnownFileType = sourcecode.swift; path = AvatarModel.swift; sourceTree = "<group>"; };
		34844F7A6BDAA3899E442E22 /* SummaryService.swift */ = {isa = PBXFileReference; lastKnownFileType = sourcecode.swift; path = SummaryService.swift; sourceTree = "<group>"; };
		34E3BB3F6A96E7DBD064BA39 /* IntentTests.swift */ = {isa = PBXFileReference; lastKnownFileType = sourcecode.swift; path = IntentTests.swift; sourceTree = "<group>"; };
		38083A8491452D7E3F42BA77 /* Info.plist */ = {isa = PBXFileReference; lastKnownFileType = text.plist; path = Info.plist; sourceTree = "<group>"; };
		3F24FDE3A38A0D8EFD9E45EA /* Controls.swift */ = {isa = PBXFileReference; lastKnownFileType = sourcecode.swift; path = Controls.swift; sourceTree = "<group>"; };
		453DE6EAE4A1289619ACA00B /* NestWatchWidgets.entitlements */ = {isa = PBXFileReference; lastKnownFileType = text.plist.entitlements; path = NestWatchWidgets.entitlements; sourceTree = "<group>"; };
		47C6D71FC8E214CB7FA43E18 /* Assets.xcassets */ = {isa = PBXFileReference; lastKnownFileType = folder.assetcatalog; path = Assets.xcassets; sourceTree = "<group>"; };
		480F3BD89DF3756E0B55B46D /* Info.plist */ = {isa = PBXFileReference; lastKnownFileType = text.plist; path = Info.plist; sourceTree = "<group>"; };
		492E4E5138DEF1EBA715D94F /* StatusWidgets.swift */ = {isa = PBXFileReference; lastKnownFileType = sourcecode.swift; path = StatusWidgets.swift; sourceTree = "<group>"; };
		4A00EA2C48A6F162A9D8D03A /* NestWidgets.appex */ = {isa = PBXFileReference; includeInIndex = 0; lastKnownFileType = "wrapper.app-extension"; path = NestWidgets.appex; sourceTree = BUILT_PRODUCTS_DIR; };
		4ADA1DBE95652F102549F3F8 /* NowView.swift */ = {isa = PBXFileReference; lastKnownFileType = sourcecode.swift; path = NowView.swift; sourceTree = "<group>"; };
		52B768D4B6D57190D3D03B91 /* NestWatchWidgets.appex */ = {isa = PBXFileReference; explicitFileType = "wrapper.app-extension"; includeInIndex = 0; path = NestWatchWidgets.appex; sourceTree = BUILT_PRODUCTS_DIR; };
		534E8531C24D901C2EE66620 /* ReportRenderer.swift */ = {isa = PBXFileReference; lastKnownFileType = sourcecode.swift; path = ReportRenderer.swift; sourceTree = "<group>"; };
		5653F4AA41CA54E419D98AB3 /* OnboardingView.swift */ = {isa = PBXFileReference; lastKnownFileType = sourcecode.swift; path = OnboardingView.swift; sourceTree = "<group>"; };
		59A6EA0806841E5B1B73244D /* NestComplications.swift */ = {isa = PBXFileReference; lastKnownFileType = sourcecode.swift; path = NestComplications.swift; sourceTree = "<group>"; };
		5FD93F710FAFE01DCB6FA995 /* NotificationService.swift */ = {isa = PBXFileReference; lastKnownFileType = sourcecode.swift; path = NotificationService.swift; sourceTree = "<group>"; };
		6889E59CDAA13E73345F2D68 /* Info.plist */ = {isa = PBXFileReference; lastKnownFileType = text.plist; path = Info.plist; sourceTree = "<group>"; };
		6C3598DB824CDCBE9B868CB6 /* QuestionsView.swift */ = {isa = PBXFileReference; lastKnownFileType = sourcecode.swift; path = QuestionsView.swift; sourceTree = "<group>"; };
		72103B987D7AA03323F6ADAC /* Info.plist */ = {isa = PBXFileReference; lastKnownFileType = text.plist; path = Info.plist; sourceTree = "<group>"; };
		72B27B5855E2DE137996202A /* NestShortcuts.swift */ = {isa = PBXFileReference; lastKnownFileType = sourcecode.swift; path = NestShortcuts.swift; sourceTree = "<group>"; };
		7A82F3ECAEABB0F7F50208BA /* Nest.entitlements */ = {isa = PBXFileReference; lastKnownFileType = text.plist.entitlements; path = Nest.entitlements; sourceTree = "<group>"; };
		7B8852A27F25FAC08C7FB3B0 /* NestWatch.entitlements */ = {isa = PBXFileReference; lastKnownFileType = text.plist.entitlements; path = NestWatch.entitlements; sourceTree = "<group>"; };
		7CCA58D6457CBCBAD777B0C8 /* NestWidgetsBundle.swift */ = {isa = PBXFileReference; lastKnownFileType = sourcecode.swift; path = NestWidgetsBundle.swift; sourceTree = "<group>"; };
		7E8B4B1B6A0FC01107EB3677 /* Assets.xcassets */ = {isa = PBXFileReference; lastKnownFileType = folder.assetcatalog; path = Assets.xcassets; sourceTree = "<group>"; };
		84CE6EC5898CC13F3B48B74C /* NestWatch.app */ = {isa = PBXFileReference; explicitFileType = wrapper.application; includeInIndex = 0; path = NestWatch.app; sourceTree = BUILT_PRODUCTS_DIR; };
		922A89642498BC36826F4669 /* AvatarCropView.swift */ = {isa = PBXFileReference; lastKnownFileType = sourcecode.swift; path = AvatarCropView.swift; sourceTree = "<group>"; };
		98634FC7A338576601FF335C /* NestIntents.swift */ = {isa = PBXFileReference; lastKnownFileType = sourcecode.swift; path = NestIntents.swift; sourceTree = "<group>"; };
		987CE514B43DF436FA2B7CD4 /* QuestionEditor.swift */ = {isa = PBXFileReference; lastKnownFileType = sourcecode.swift; path = QuestionEditor.swift; sourceTree = "<group>"; };
		A1683DF1598F2648F6D06844 /* EventStyle.swift */ = {isa = PBXFileReference; lastKnownFileType = sourcecode.swift; path = EventStyle.swift; sourceTree = "<group>"; };
		A3668DF6FA30E0D008C8E276 /* NestWatchApp.swift */ = {isa = PBXFileReference; lastKnownFileType = sourcecode.swift; path = NestWatchApp.swift; sourceTree = "<group>"; };
		A3C27D86EE6DB7438448AC0C /* NestKit */ = {isa = PBXFileReference; lastKnownFileType = folder; name = NestKit; path = NestKit; sourceTree = SOURCE_ROOT; };
		AD6B1104F4EC65828FCAC57D /* TimerLiveActivity.swift */ = {isa = PBXFileReference; lastKnownFileType = sourcecode.swift; path = TimerLiveActivity.swift; sourceTree = "<group>"; };
		AD9927D10FEBAE84DED66225 /* LiveActivityService.swift */ = {isa = PBXFileReference; lastKnownFileType = sourcecode.swift; path = LiveActivityService.swift; sourceTree = "<group>"; };
		B3CB48DF8186020B17903D3A /* StatusProvider.swift */ = {isa = PBXFileReference; lastKnownFileType = sourcecode.swift; path = StatusProvider.swift; sourceTree = "<group>"; };
		B5B88DA9C576FBD0EBA66C32 /* AvatarEditor.swift */ = {isa = PBXFileReference; lastKnownFileType = sourcecode.swift; path = AvatarEditor.swift; sourceTree = "<group>"; };
		B5E00220E905CC67F1063AF5 /* NestApp.swift */ = {isa = PBXFileReference; lastKnownFileType = sourcecode.swift; path = NestApp.swift; sourceTree = "<group>"; };
		B741C86996438277C74BD446 /* RootView.swift */ = {isa = PBXFileReference; lastKnownFileType = sourcecode.swift; path = RootView.swift; sourceTree = "<group>"; };
		BF5D23732A733E5ECF18AAFE /* SettingsView.swift */ = {isa = PBXFileReference; lastKnownFileType = sourcecode.swift; path = SettingsView.swift; sourceTree = "<group>"; };
		C6BF066360B4FB00EAFB59A2 /* PartnerPushService.swift */ = {isa = PBXFileReference; lastKnownFileType = sourcecode.swift; path = PartnerPushService.swift; sourceTree = "<group>"; };
		C79558BAF6D22404B2CB51E9 /* BackdatePicker.swift */ = {isa = PBXFileReference; lastKnownFileType = sourcecode.swift; path = BackdatePicker.swift; sourceTree = "<group>"; };
		CC0816418353A43067CAC661 /* Nest.app */ = {isa = PBXFileReference; includeInIndex = 0; lastKnownFileType = wrapper.application; path = Nest.app; sourceTree = BUILT_PRODUCTS_DIR; };
		DF4892E766D75B7D41F282F3 /* HuckleberryImportSheet.swift */ = {isa = PBXFileReference; lastKnownFileType = sourcecode.swift; path = HuckleberryImportSheet.swift; sourceTree = "<group>"; };
		ECC3271544325FF06800D12A /* TrendsView.swift */ = {isa = PBXFileReference; lastKnownFileType = sourcecode.swift; path = TrendsView.swift; sourceTree = "<group>"; };
		EE4D058ACA4F2EDF5BBD834D /* SharedStore.swift */ = {isa = PBXFileReference; lastKnownFileType = sourcecode.swift; path = SharedStore.swift; sourceTree = "<group>"; };
		F76126193CEE235D4080DEBE /* IntentEnums.swift */ = {isa = PBXFileReference; lastKnownFileType = sourcecode.swift; path = IntentEnums.swift; sourceTree = "<group>"; };
		FBA0BDD26A76255088FBA397 /* SideEffects.swift */ = {isa = PBXFileReference; lastKnownFileType = sourcecode.swift; path = SideEffects.swift; sourceTree = "<group>"; };
		FEB78D2EA3271EF24A3D2E35 /* NestWidgets.entitlements */ = {isa = PBXFileReference; lastKnownFileType = text.plist.entitlements; path = NestWidgets.entitlements; sourceTree = "<group>"; };
		FF3DAFCA7BEEFF53FBC1DB61 /* FeedAlarmService.swift */ = {isa = PBXFileReference; lastKnownFileType = sourcecode.swift; path = FeedAlarmService.swift; sourceTree = "<group>"; };
/* End PBXFileReference section */

/* Begin PBXFrameworksBuildPhase section */
		1366CFC1B1994BDD27046810 /* Frameworks */ = {
			isa = PBXFrameworksBuildPhase;
			buildActionMask = 2147483647;
			files = (
				81F906E11A9CD8C07FADF021 /* NestCore in Frameworks */,
				6B4198F3DAF3CBAD30EE0181 /* NestData in Frameworks */,
			);
			runOnlyForDeploymentPostprocessing = 0;
		};
		9D24FE8EF1A8D672756F5440 /* Frameworks */ = {
			isa = PBXFrameworksBuildPhase;
			buildActionMask = 2147483647;
			files = (
				9FA03C7C43D876E8A4E2A54C /* NestCore in Frameworks */,
				DDDB7ECEFE114AE89C6E5D19 /* NestData in Frameworks */,
			);
			runOnlyForDeploymentPostprocessing = 0;
		};
		A422686FD4340DBBA85D6040 /* Frameworks */ = {
			isa = PBXFrameworksBuildPhase;
			buildActionMask = 2147483647;
			files = (
				6742B8E1D62C1E14490BD948 /* NestCore in Frameworks */,
				7163FA6BBAED4AD59037957E /* NestData in Frameworks */,
			);
			runOnlyForDeploymentPostprocessing = 0;
		};
		CB2AC2F98087973DADA44213 /* Frameworks */ = {
			isa = PBXFrameworksBuildPhase;
			buildActionMask = 2147483647;
			files = (
				95C6918C7DF347FD5E2B1B13 /* NestCore in Frameworks */,
				9D8FF625A95BD9F1C3E7D154 /* NestData in Frameworks */,
			);
			runOnlyForDeploymentPostprocessing = 0;
		};
/* End PBXFrameworksBuildPhase section */

/* Begin PBXGroup section */
		06E72C2A20438EDA256913C5 /* Services */ = {
			isa = PBXGroup;
			children = (
				FF3DAFCA7BEEFF53FBC1DB61 /* FeedAlarmService.swift */,
				AD9927D10FEBAE84DED66225 /* LiveActivityService.swift */,
				5FD93F710FAFE01DCB6FA995 /* NotificationService.swift */,
				C6BF066360B4FB00EAFB59A2 /* PartnerPushService.swift */,
				FBA0BDD26A76255088FBA397 /* SideEffects.swift */,
				34844F7A6BDAA3899E442E22 /* SummaryService.swift */,
			);
			path = Services;
			sourceTree = "<group>";
		};
		0712DF64FE4AA992851D68F2 /* Onboarding */ = {
			isa = PBXGroup;
			children = (
				5653F4AA41CA54E419D98AB3 /* OnboardingView.swift */,
			);
			path = Onboarding;
			sourceTree = "<group>";
		};
		0C03EB4971299BDC7FEA93B2 /* Tests */ = {
			isa = PBXGroup;
			children = (
				34E3BB3F6A96E7DBD064BA39 /* IntentTests.swift */,
			);
			path = Tests;
			sourceTree = "<group>";
		};
		1947DB62A5ECAB4ACD9F64FA /* Settings */ = {
			isa = PBXGroup;
			children = (
				DF4892E766D75B7D41F282F3 /* HuckleberryImportSheet.swift */,
				534E8531C24D901C2EE66620 /* ReportRenderer.swift */,
				BF5D23732A733E5ECF18AAFE /* SettingsView.swift */,
			);
			path = Settings;
			sourceTree = "<group>";
		};
		1A12B93022CE39DAAE9B5BE6 /* Widgets */ = {
			isa = PBXGroup;
			children = (
				3F24FDE3A38A0D8EFD9E45EA /* Controls.swift */,
				38083A8491452D7E3F42BA77 /* Info.plist */,
				FEB78D2EA3271EF24A3D2E35 /* NestWidgets.entitlements */,
				7CCA58D6457CBCBAD777B0C8 /* NestWidgetsBundle.swift */,
				492E4E5138DEF1EBA715D94F /* StatusWidgets.swift */,
				AD6B1104F4EC65828FCAC57D /* TimerLiveActivity.swift */,
			);
			path = Widgets;
			sourceTree = "<group>";
		};
		1BA2F8542BC6247D51B65D90 /* App */ = {
			isa = PBXGroup;
			children = (
				693322DDC6742DD257355A70 /* Avatars */,
				27716056434424D094B4B3E8 /* Design */,
				650A2C612476127FE5E1E13B /* Intents */,
				C76CA488CA10F89853991E36 /* Log */,
				BDA8298660C4DE13D21D5F79 /* Now */,
				0712DF64FE4AA992851D68F2 /* Onboarding */,
				5DF145999CA6B8BEE397B823 /* Questions */,
				06E72C2A20438EDA256913C5 /* Services */,
				1947DB62A5ECAB4ACD9F64FA /* Settings */,
				B9D8826829714C6C5186A69D /* Timeline */,
				44E38FD57C3473CF2DF8D75D /* Trends */,
				031671DDBBAA7AC50FAC212F /* AppModel.swift */,
				7E8B4B1B6A0FC01107EB3677 /* Assets.xcassets */,
				6889E59CDAA13E73345F2D68 /* Info.plist */,
				7A82F3ECAEABB0F7F50208BA /* Nest.entitlements */,
				B5E00220E905CC67F1063AF5 /* NestApp.swift */,
				B741C86996438277C74BD446 /* RootView.swift */,
			);
			path = App;
			sourceTree = "<group>";
		};
		27716056434424D094B4B3E8 /* Design */ = {
			isa = PBXGroup;
			children = (
				C79558BAF6D22404B2CB51E9 /* BackdatePicker.swift */,
				29421CBBF34844616D20978D /* Design.swift */,
			);
			path = Design;
			sourceTree = "<group>";
		};
		315DCF532E0C43834ADE6E91 /* Watch */ = {
			isa = PBXGroup;
			children = (
				47C6D71FC8E214CB7FA43E18 /* Assets.xcassets */,
				480F3BD89DF3756E0B55B46D /* Info.plist */,
				7B8852A27F25FAC08C7FB3B0 /* NestWatch.entitlements */,
				A3668DF6FA30E0D008C8E276 /* NestWatchApp.swift */,
			);
			path = Watch;
			sourceTree = "<group>";
		};
		36F7B604BDA6320F0F8F748E /* Widgets */ = {
			isa = PBXGroup;
			children = (
				B3CB48DF8186020B17903D3A /* StatusProvider.swift */,
			);
			path = Widgets;
			sourceTree = "<group>";
		};
		44E38FD57C3473CF2DF8D75D /* Trends */ = {
			isa = PBXGroup;
			children = (
				19CE45834F7EF43BEF790E70 /* TrendCharts.swift */,
				ECC3271544325FF06800D12A /* TrendsView.swift */,
			);
			path = Trends;
			sourceTree = "<group>";
		};
		49EDA782586B42E29F74F066 /* Intents */ = {
			isa = PBXGroup;
			children = (
				F76126193CEE235D4080DEBE /* IntentEnums.swift */,
				98634FC7A338576601FF335C /* NestIntents.swift */,
			);
			path = Intents;
			sourceTree = "<group>";
		};
		5DD0590F7A719B5464A3D051 = {
			isa = PBXGroup;
			children = (
				1BA2F8542BC6247D51B65D90 /* App */,
				EC7BB82546018F966B140FD5 /* Packages */,
				91C8F21364EFC558AA506912 /* Shared */,
				0C03EB4971299BDC7FEA93B2 /* Tests */,
				315DCF532E0C43834ADE6E91 /* Watch */,
				88C3BECA9AE7E9967135E70F /* WatchWidgets */,
				1A12B93022CE39DAAE9B5BE6 /* Widgets */,
				F516E6D1520953CB3D4A56A9 /* Products */,
			);
			sourceTree = "<group>";
		};
		5DF145999CA6B8BEE397B823 /* Questions */ = {
			isa = PBXGroup;
			children = (
				987CE514B43DF436FA2B7CD4 /* QuestionEditor.swift */,
				6C3598DB824CDCBE9B868CB6 /* QuestionsView.swift */,
				1A1C9A599D56B164A0D01B13 /* RichTextBridge.swift */,
			);
			path = Questions;
			sourceTree = "<group>";
		};
		650A2C612476127FE5E1E13B /* Intents */ = {
			isa = PBXGroup;
			children = (
				72B27B5855E2DE137996202A /* NestShortcuts.swift */,
			);
			path = Intents;
			sourceTree = "<group>";
		};
		693322DDC6742DD257355A70 /* Avatars */ = {
			isa = PBXGroup;
			children = (
				922A89642498BC36826F4669 /* AvatarCropView.swift */,
				B5B88DA9C576FBD0EBA66C32 /* AvatarEditor.swift */,
				326381AE896EAD54835ECBDF /* AvatarModel.swift */,
			);
			path = Avatars;
			sourceTree = "<group>";
		};
		88C3BECA9AE7E9967135E70F /* WatchWidgets */ = {
			isa = PBXGroup;
			children = (
				72103B987D7AA03323F6ADAC /* Info.plist */,
				59A6EA0806841E5B1B73244D /* NestComplications.swift */,
				453DE6EAE4A1289619ACA00B /* NestWatchWidgets.entitlements */,
			);
			path = WatchWidgets;
			sourceTree = "<group>";
		};
		91C8F21364EFC558AA506912 /* Shared */ = {
			isa = PBXGroup;
			children = (
				49EDA782586B42E29F74F066 /* Intents */,
				36F7B604BDA6320F0F8F748E /* Widgets */,
				A1683DF1598F2648F6D06844 /* EventStyle.swift */,
				11793A024806F0BF46598856 /* NestTimerAttributes.swift */,
				EE4D058ACA4F2EDF5BBD834D /* SharedStore.swift */,
			);
			path = Shared;
			sourceTree = "<group>";
		};
		B9D8826829714C6C5186A69D /* Timeline */ = {
			isa = PBXGroup;
			children = (
				06BA46C507947A1F66125001 /* EntryEditor.swift */,
				093ED577C2393025F04ADA78 /* TimelineScreen.swift */,
			);
			path = Timeline;
			sourceTree = "<group>";
		};
		BDA8298660C4DE13D21D5F79 /* Now */ = {
			isa = PBXGroup;
			children = (
				07D4C90E5D579602095ACF4E /* AlarmCard.swift */,
				4ADA1DBE95652F102549F3F8 /* NowView.swift */,
			);
			path = Now;
			sourceTree = "<group>";
		};
		C76CA488CA10F89853991E36 /* Log */ = {
			isa = PBXGroup;
			children = (
				16BEC7210F5ABF2C47176C49 /* LogSheet.swift */,
			);
			path = Log;
			sourceTree = "<group>";
		};
		EC7BB82546018F966B140FD5 /* Packages */ = {
			isa = PBXGroup;
			children = (
				A3C27D86EE6DB7438448AC0C /* NestKit */,
			);
			name = Packages;
			sourceTree = "<group>";
		};
		F516E6D1520953CB3D4A56A9 /* Products */ = {
			isa = PBXGroup;
			children = (
				CC0816418353A43067CAC661 /* Nest.app */,
				31B2616F14F6BC2EA5F93475 /* NestTests.xctest */,
				84CE6EC5898CC13F3B48B74C /* NestWatch.app */,
				52B768D4B6D57190D3D03B91 /* NestWatchWidgets.appex */,
				4A00EA2C48A6F162A9D8D03A /* NestWidgets.appex */,
			);
			name = Products;
			sourceTree = "<group>";
		};
/* End PBXGroup section */

/* Begin PBXNativeTarget section */
		8A1DA437A7E7D74D585342C1 /* NestWatchWidgets */ = {
			isa = PBXNativeTarget;
			buildConfigurationList = 6E84B43E67E8212ED3B4EC10 /* Build configuration list for PBXNativeTarget "NestWatchWidgets" */;
			buildPhases = (
				9AA6F657E0795059EA820C5D /* Sources */,
				1366CFC1B1994BDD27046810 /* Frameworks */,
			);
			buildRules = (
			);
			dependencies = (
			);
			name = NestWatchWidgets;
			packageProductDependencies = (
				7AFAA1539A9404346C235EA8 /* NestCore */,
				EFA152AEFD3D1000AB281EDC /* NestData */,
			);
			productName = NestWatchWidgets;
			productReference = 52B768D4B6D57190D3D03B91 /* NestWatchWidgets.appex */;
			productType = "com.apple.product-type.app-extension";
		};
		8D5909D544CEF45E878B5747 /* NestTests */ = {
			isa = PBXNativeTarget;
			buildConfigurationList = 84135FFABFC86D788EDD1CA9 /* Build configuration list for PBXNativeTarget "NestTests" */;
			buildPhases = (
				8D88FF736B81A0C8FF38CB03 /* Sources */,
			);
			buildRules = (
			);
			dependencies = (
				B017C9D0301FA1FBE72182CB /* PBXTargetDependency */,
			);
			name = NestTests;
			packageProductDependencies = (
			);
			productName = NestTests;
			productReference = 31B2616F14F6BC2EA5F93475 /* NestTests.xctest */;
			productType = "com.apple.product-type.bundle.unit-test";
		};
		B8782728D621F2DF545930A1 /* Nest */ = {
			isa = PBXNativeTarget;
			buildConfigurationList = FD3CAE5B6FE695AC1ED1E720 /* Build configuration list for PBXNativeTarget "Nest" */;
			buildPhases = (
				76C2DB8815957A074375DE28 /* Sources */,
				C8CFCE728F0B733B019CDE6D /* Resources */,
				9D24FE8EF1A8D672756F5440 /* Frameworks */,
				34FAD6B0441B917504AC365C /* Embed Foundation Extensions */,
				387118E189B9EA9E6957A5C5 /* Embed Dependencies */,
			);
			buildRules = (
			);
			dependencies = (
				D61076D042DC3AAA6E35BF24 /* PBXTargetDependency */,
				DC2A2824E96294EC557EF952 /* PBXTargetDependency */,
			);
			name = Nest;
			packageProductDependencies = (
				E0A55B5589292E65CB5807C8 /* NestCore */,
				DAC69ACE5798210CD04F68D5 /* NestData */,
			);
			productName = Nest;
			productReference = CC0816418353A43067CAC661 /* Nest.app */;
			productType = "com.apple.product-type.application";
		};
		C53AE8A5156D0931DA6A82AA /* NestWidgets */ = {
			isa = PBXNativeTarget;
			buildConfigurationList = E92693CDF5EC586D20090398 /* Build configuration list for PBXNativeTarget "NestWidgets" */;
			buildPhases = (
				B9695FC80241D1964621E0CB /* Sources */,
				A422686FD4340DBBA85D6040 /* Frameworks */,
			);
			buildRules = (
			);
			dependencies = (
			);
			name = NestWidgets;
			packageProductDependencies = (
				E11F38CE40596571C394F380 /* NestCore */,
				97C6049E6AAC09DB2F5F2171 /* NestData */,
			);
			productName = NestWidgets;
			productReference = 4A00EA2C48A6F162A9D8D03A /* NestWidgets.appex */;
			productType = "com.apple.product-type.app-extension";
		};
		E1B8844544FC4FE6D196C0D1 /* NestWatch */ = {
			isa = PBXNativeTarget;
			buildConfigurationList = E88B6B3AD8E73DA228966026 /* Build configuration list for PBXNativeTarget "NestWatch" */;
			buildPhases = (
				6A6D2888AFFBD164BC901A02 /* Sources */,
				108FEC2EED8054706DDC6916 /* Resources */,
				CB2AC2F98087973DADA44213 /* Frameworks */,
				1109E9E43C39E3BC39E54EA3 /* Embed Foundation Extensions */,
			);
			buildRules = (
			);
			dependencies = (
				76A30F34068BF33D71C1FCA4 /* PBXTargetDependency */,
			);
			name = NestWatch;
			packageProductDependencies = (
				6C1E3D6CB1BC1C2E85379C41 /* NestCore */,
				D613E36B7E97DE73A9DB843E /* NestData */,
			);
			productName = NestWatch;
			productReference = 84CE6EC5898CC13F3B48B74C /* NestWatch.app */;
			productType = "com.apple.product-type.application";
		};
/* End PBXNativeTarget section */

/* Begin PBXProject section */
		4B84DD9B1BDB714B1F6BDDF4 /* Project object */ = {
			isa = PBXProject;
			attributes = {
				BuildIndependentTargetsInParallel = YES;
				LastUpgradeCheck = 2600;
				TargetAttributes = {
					8A1DA437A7E7D74D585342C1 = {
						DevelopmentTeam = 87A6J7UY87;
						ProvisioningStyle = Automatic;
						SystemCapabilities = {
							com.apple.ApplicationGroups.iOS = {
								enabled = 1;
							};
							com.apple.iCloud = {
								enabled = 1;
							};
						};
					};
					8D5909D544CEF45E878B5747 = {
						DevelopmentTeam = 87A6J7UY87;
						ProvisioningStyle = Automatic;
					};
					B8782728D621F2DF545930A1 = {
						DevelopmentTeam = 87A6J7UY87;
						ProvisioningStyle = Automatic;
						SystemCapabilities = {
							com.apple.ApplicationGroups.iOS = {
								enabled = 1;
							};
							com.apple.Push = {
								enabled = 1;
							};
							com.apple.iCloud = {
								enabled = 1;
							};
						};
					};
					C53AE8A5156D0931DA6A82AA = {
						DevelopmentTeam = 87A6J7UY87;
						ProvisioningStyle = Automatic;
						SystemCapabilities = {
							com.apple.ApplicationGroups.iOS = {
								enabled = 1;
							};
							com.apple.iCloud = {
								enabled = 1;
							};
						};
					};
					E1B8844544FC4FE6D196C0D1 = {
						DevelopmentTeam = 87A6J7UY87;
						ProvisioningStyle = Automatic;
						SystemCapabilities = {
							com.apple.ApplicationGroups.iOS = {
								enabled = 1;
							};
							com.apple.iCloud = {
								enabled = 1;
							};
						};
					};
				};
			};
			buildConfigurationList = 84C167466502383F6E4FB909 /* Build configuration list for PBXProject "Nest" */;
			compatibilityVersion = "Xcode 14.0";
			developmentRegion = en;
			hasScannedForEncodings = 0;
			knownRegions = (
				Base,
				en,
			);
			mainGroup = 5DD0590F7A719B5464A3D051;
			minimizedProjectReferenceProxies = 1;
			packageReferences = (
				5A1FC2738086B1BF8138DDE6 /* XCLocalSwiftPackageReference "NestKit" */,
			);
			preferredProjectObjectVersion = 77;
			projectDirPath = "";
			projectRoot = "";
			targets = (
				B8782728D621F2DF545930A1 /* Nest */,
				8D5909D544CEF45E878B5747 /* NestTests */,
				E1B8844544FC4FE6D196C0D1 /* NestWatch */,
				8A1DA437A7E7D74D585342C1 /* NestWatchWidgets */,
				C53AE8A5156D0931DA6A82AA /* NestWidgets */,
			);
		};
/* End PBXProject section */

/* Begin PBXResourcesBuildPhase section */
		108FEC2EED8054706DDC6916 /* Resources */ = {
			isa = PBXResourcesBuildPhase;
			buildActionMask = 2147483647;
			files = (
				C1EAAC94DAE8A042F185AD27 /* Assets.xcassets in Resources */,
			);
			runOnlyForDeploymentPostprocessing = 0;
		};
		C8CFCE728F0B733B019CDE6D /* Resources */ = {
			isa = PBXResourcesBuildPhase;
			buildActionMask = 2147483647;
			files = (
				78AAA1F45D21DCBA025D4223 /* Assets.xcassets in Resources */,
			);
			runOnlyForDeploymentPostprocessing = 0;
		};
/* End PBXResourcesBuildPhase section */

/* Begin PBXSourcesBuildPhase section */
		6A6D2888AFFBD164BC901A02 /* Sources */ = {
			isa = PBXSourcesBuildPhase;
			buildActionMask = 2147483647;
			files = (
				40F4D86CA0C935277FC2412A /* EventStyle.swift in Sources */,
				D65852354E61C79AAEC6EA70 /* IntentEnums.swift in Sources */,
				368D3EEFAA11E01F431E40C7 /* NestIntents.swift in Sources */,
				D0B887D51594BEC80985277E /* NestWatchApp.swift in Sources */,
				278C8707FE69CA946F6B1C76 /* SharedStore.swift in Sources */,
			);
			runOnlyForDeploymentPostprocessing = 0;
		};
		76C2DB8815957A074375DE28 /* Sources */ = {
			isa = PBXSourcesBuildPhase;
			buildActionMask = 2147483647;
			files = (
				FE6A3FF87861DAC4DC050A93 /* AlarmCard.swift in Sources */,
				A878A9366FF1A731B764D533 /* AppModel.swift in Sources */,
				5C00951953EB2CF2C44EAB3E /* AvatarCropView.swift in Sources */,
				81433FC0217D65232AB6D24E /* AvatarEditor.swift in Sources */,
				31D4F06DE9A0C5825191C02B /* AvatarModel.swift in Sources */,
				3217FE93AD615AB333C2B91C /* BackdatePicker.swift in Sources */,
				EB670FFE30DF87DC6C7A4385 /* Design.swift in Sources */,
				BF8331122851257B5FEB5505 /* EntryEditor.swift in Sources */,
				A7BDF1F1865893EE5CD631F9 /* EventStyle.swift in Sources */,
				1FAC616E61F651424979241D /* FeedAlarmService.swift in Sources */,
				38853BE5DDF19C26FB61A85A /* HuckleberryImportSheet.swift in Sources */,
				4AEE996F4456473072FCA8B0 /* IntentEnums.swift in Sources */,
				11969959AC26B78FAE445AB8 /* LiveActivityService.swift in Sources */,
				1821DD3DE2DD287CB5D350B5 /* LogSheet.swift in Sources */,
				56DE89C97385C17B20FEED0F /* NestApp.swift in Sources */,
				23B871EEE879BDA76AFFE09D /* NestIntents.swift in Sources */,
				2482B91145A1BDE78F8800DD /* NestShortcuts.swift in Sources */,
				7FA1411A6A884BC879CFC589 /* NestTimerAttributes.swift in Sources */,
				08E490203ECF3FA282D994F6 /* NotificationService.swift in Sources */,
				D66DF45361E282DB3BAB1D96 /* NowView.swift in Sources */,
				5C118D0DE6231A2B8C6D2418 /* OnboardingView.swift in Sources */,
				A11759155E5A2CC7CA91FD3A /* PartnerPushService.swift in Sources */,
				0E5C75B2EBDA1E033FE1A6E5 /* QuestionEditor.swift in Sources */,
				B918EEADE70FB66B67EC5634 /* QuestionsView.swift in Sources */,
				AF61C4107B43BD0EBA42FFC1 /* ReportRenderer.swift in Sources */,
				79C3436B8D655C70BAD78159 /* RichTextBridge.swift in Sources */,
				11C14115BDCBFBE16307688B /* RootView.swift in Sources */,
				6EA49EDF35E3897875C0404B /* SettingsView.swift in Sources */,
				43D4C026CEBC829E33568706 /* SharedStore.swift in Sources */,
				41C2EFFC0D2B0E9BEBAD2932 /* SideEffects.swift in Sources */,
				B479512C8D42E7571CF6DE8D /* StatusProvider.swift in Sources */,
				E355E5301D3211E01A5D3089 /* SummaryService.swift in Sources */,
				FC71BD8A1415EA0875D7A6DD /* TimelineScreen.swift in Sources */,
				66C80F777DD4AB80154D9D07 /* TrendCharts.swift in Sources */,
				BCDD15C9498BC7838A8E8C24 /* TrendsView.swift in Sources */,
			);
			runOnlyForDeploymentPostprocessing = 0;
		};
		8D88FF736B81A0C8FF38CB03 /* Sources */ = {
			isa = PBXSourcesBuildPhase;
			buildActionMask = 2147483647;
			files = (
				108F32DE66D1AD0F2F006F7D /* IntentTests.swift in Sources */,
			);
			runOnlyForDeploymentPostprocessing = 0;
		};
		9AA6F657E0795059EA820C5D /* Sources */ = {
			isa = PBXSourcesBuildPhase;
			buildActionMask = 2147483647;
			files = (
				F76063C08CC4FF817D0BF16C /* EventStyle.swift in Sources */,
				66DB0BB0840B5CE174EF4E6F /* NestComplications.swift in Sources */,
				0D781945BA5E2B69C145B75D /* SharedStore.swift in Sources */,
				DC20ED10530C18C265B76312 /* StatusProvider.swift in Sources */,
			);
			runOnlyForDeploymentPostprocessing = 0;
		};
		B9695FC80241D1964621E0CB /* Sources */ = {
			isa = PBXSourcesBuildPhase;
			buildActionMask = 2147483647;
			files = (
				49103C70B8E98DA223C19ADC /* Controls.swift in Sources */,
				ABFB69B6376617160FD32DFC /* EventStyle.swift in Sources */,
				1E36AC2BF30E73C5E0A9DB81 /* IntentEnums.swift in Sources */,
				360AC313C45F6A52030A9549 /* NestIntents.swift in Sources */,
				B43991AAB2A53FC74D4896E2 /* NestTimerAttributes.swift in Sources */,
				A5697D72261E03C27E247DEF /* NestWidgetsBundle.swift in Sources */,
				7276090B7E8B7D26EB3BFD93 /* SharedStore.swift in Sources */,
				5F78ECF267703E44811A5985 /* StatusProvider.swift in Sources */,
				C47F6ECE06C41FAD8BA5763E /* StatusWidgets.swift in Sources */,
				86685DA7B20E9C86FE7B25FC /* TimerLiveActivity.swift in Sources */,
			);
			runOnlyForDeploymentPostprocessing = 0;
		};
/* End PBXSourcesBuildPhase section */

/* Begin PBXTargetDependency section */
		76A30F34068BF33D71C1FCA4 /* PBXTargetDependency */ = {
			isa = PBXTargetDependency;
			target = 8A1DA437A7E7D74D585342C1 /* NestWatchWidgets */;
			targetProxy = 059A5B10EA2FF65D09813B1A /* PBXContainerItemProxy */;
		};
		B017C9D0301FA1FBE72182CB /* PBXTargetDependency */ = {
			isa = PBXTargetDependency;
			target = B8782728D621F2DF545930A1 /* Nest */;
			targetProxy = 64FE2B7863B3A31BAE1C962F /* PBXContainerItemProxy */;
		};
		D61076D042DC3AAA6E35BF24 /* PBXTargetDependency */ = {
			isa = PBXTargetDependency;
			target = C53AE8A5156D0931DA6A82AA /* NestWidgets */;
			targetProxy = C6C2881D10A0A1D3FAF3F38F /* PBXContainerItemProxy */;
		};
		DC2A2824E96294EC557EF952 /* PBXTargetDependency */ = {
			isa = PBXTargetDependency;
			target = E1B8844544FC4FE6D196C0D1 /* NestWatch */;
			targetProxy = 7A85F2A2A9637382DA6AE76F /* PBXContainerItemProxy */;
		};
/* End PBXTargetDependency section */

/* Begin XCBuildConfiguration section */
		1CFC4619A497D0D7500224E0 /* Release */ = {
			isa = XCBuildConfiguration;
			buildSettings = {
				ALWAYS_SEARCH_USER_PATHS = NO;
				CLANG_ANALYZER_NONNULL = YES;
				CLANG_ANALYZER_NUMBER_OBJECT_CONVERSION = YES_AGGRESSIVE;
				CLANG_CXX_LANGUAGE_STANDARD = "gnu++14";
				CLANG_CXX_LIBRARY = "libc++";
				CLANG_ENABLE_MODULES = YES;
				CLANG_ENABLE_OBJC_ARC = YES;
				CLANG_ENABLE_OBJC_WEAK = YES;
				CLANG_WARN_BLOCK_CAPTURE_AUTORELEASING = YES;
				CLANG_WARN_BOOL_CONVERSION = YES;
				CLANG_WARN_COMMA = YES;
				CLANG_WARN_CONSTANT_CONVERSION = YES;
				CLANG_WARN_DEPRECATED_OBJC_IMPLEMENTATIONS = YES;
				CLANG_WARN_DIRECT_OBJC_ISA_USAGE = YES_ERROR;
				CLANG_WARN_DOCUMENTATION_COMMENTS = YES;
				CLANG_WARN_EMPTY_BODY = YES;
				CLANG_WARN_ENUM_CONVERSION = YES;
				CLANG_WARN_INFINITE_RECURSION = YES;
				CLANG_WARN_INT_CONVERSION = YES;
				CLANG_WARN_NON_LITERAL_NULL_CONVERSION = YES;
				CLANG_WARN_OBJC_IMPLICIT_RETAIN_SELF = YES;
				CLANG_WARN_OBJC_LITERAL_CONVERSION = YES;
				CLANG_WARN_OBJC_ROOT_CLASS = YES_ERROR;
				CLANG_WARN_QUOTED_INCLUDE_IN_FRAMEWORK_HEADER = YES;
				CLANG_WARN_RANGE_LOOP_ANALYSIS = YES;
				CLANG_WARN_STRICT_PROTOTYPES = YES;
				CLANG_WARN_SUSPICIOUS_MOVE = YES;
				CLANG_WARN_UNGUARDED_AVAILABILITY = YES_AGGRESSIVE;
				CLANG_WARN_UNREACHABLE_CODE = YES;
				CLANG_WARN__DUPLICATE_METHOD_MATCH = YES;
				CODE_SIGN_STYLE = Automatic;
				COPY_PHASE_STRIP = NO;
				CURRENT_PROJECT_VERSION = 1;
				DEBUG_INFORMATION_FORMAT = "dwarf-with-dsym";
				DEVELOPMENT_TEAM = 87A6J7UY87;
				ENABLE_NS_ASSERTIONS = NO;
				ENABLE_STRICT_OBJC_MSGSEND = YES;
				ENABLE_USER_SCRIPT_SANDBOXING = YES;
				GCC_C_LANGUAGE_STANDARD = gnu11;
				GCC_NO_COMMON_BLOCKS = YES;
				GCC_WARN_64_TO_32_BIT_CONVERSION = YES;
				GCC_WARN_ABOUT_RETURN_TYPE = YES_ERROR;
				GCC_WARN_UNDECLARED_SELECTOR = YES;
				GCC_WARN_UNINITIALIZED_AUTOS = YES_AGGRESSIVE;
				GCC_WARN_UNUSED_FUNCTION = YES;
				GCC_WARN_UNUSED_VARIABLE = YES;
				IPHONEOS_DEPLOYMENT_TARGET = 26.0;
				MARKETING_VERSION = 1.0.0;
				MTL_ENABLE_DEBUG_INFO = NO;
				MTL_FAST_MATH = YES;
				NEST_WORKER_KEY = "";
				NEST_WORKER_URL = "";
				PRODUCT_NAME = "$(TARGET_NAME)";
				SWIFT_COMPILATION_MODE = wholemodule;
				SWIFT_OPTIMIZATION_LEVEL = "-O";
				SWIFT_STRICT_CONCURRENCY = complete;
				SWIFT_VERSION = 6.0;
				WATCHOS_DEPLOYMENT_TARGET = 26.0;
			};
			name = Release;
		};
		2DF4ABE978B9055A472B5714 /* Debug */ = {
			isa = XCBuildConfiguration;
			buildSettings = {
				ASSETCATALOG_COMPILER_APPICON_NAME = AppIcon;
				ASSETCATALOG_COMPILER_GLOBAL_ACCENT_COLOR_NAME = AccentColor;
				CODE_SIGN_ENTITLEMENTS = App/Nest.entitlements;
				CODE_SIGN_IDENTITY = "iPhone Developer";
				GENERATE_INFOPLIST_FILE = NO;
				INFOPLIST_FILE = App/Info.plist;
				LD_RUNPATH_SEARCH_PATHS = (
					"$(inherited)",
					"@executable_path/Frameworks",
				);
				PRODUCT_BUNDLE_IDENTIFIER = com.yetra.nest;
				SDKROOT = iphoneos;
				TARGETED_DEVICE_FAMILY = 1;
			};
			name = Debug;
		};
		422A6BA7C8B3B28DC0AA0792 /* Release */ = {
			isa = XCBuildConfiguration;
			buildSettings = {
				CODE_SIGN_ENTITLEMENTS = Widgets/NestWidgets.entitlements;
				GENERATE_INFOPLIST_FILE = NO;
				INFOPLIST_FILE = Widgets/Info.plist;
				LD_RUNPATH_SEARCH_PATHS = (
					"$(inherited)",
					"@executable_path/Frameworks",
					"@executable_path/../../Frameworks",
				);
				PRODUCT_BUNDLE_IDENTIFIER = com.yetra.nest.widgets;
				SDKROOT = iphoneos;
				SKIP_INSTALL = YES;
				TARGETED_DEVICE_FAMILY = 1;
			};
			name = Release;
		};
		43CCDF52261FB88A059ABA8F /* Debug */ = {
			isa = XCBuildConfiguration;
			buildSettings = {
				ASSETCATALOG_COMPILER_APPICON_NAME = AppIcon;
				CODE_SIGN_ENTITLEMENTS = Watch/NestWatch.entitlements;
				GENERATE_INFOPLIST_FILE = NO;
				INFOPLIST_FILE = Watch/Info.plist;
				PRODUCT_BUNDLE_IDENTIFIER = com.yetra.nest.watchkitapp;
				SDKROOT = watchos;
				SKIP_INSTALL = YES;
				TARGETED_DEVICE_FAMILY = 4;
			};
			name = Debug;
		};
		5A4DC477C5290CD55314A3B7 /* Debug */ = {
			isa = XCBuildConfiguration;
			buildSettings = {
				ALWAYS_SEARCH_USER_PATHS = NO;
				CLANG_ANALYZER_NONNULL = YES;
				CLANG_ANALYZER_NUMBER_OBJECT_CONVERSION = YES_AGGRESSIVE;
				CLANG_CXX_LANGUAGE_STANDARD = "gnu++14";
				CLANG_CXX_LIBRARY = "libc++";
				CLANG_ENABLE_MODULES = YES;
				CLANG_ENABLE_OBJC_ARC = YES;
				CLANG_ENABLE_OBJC_WEAK = YES;
				CLANG_WARN_BLOCK_CAPTURE_AUTORELEASING = YES;
				CLANG_WARN_BOOL_CONVERSION = YES;
				CLANG_WARN_COMMA = YES;
				CLANG_WARN_CONSTANT_CONVERSION = YES;
				CLANG_WARN_DEPRECATED_OBJC_IMPLEMENTATIONS = YES;
				CLANG_WARN_DIRECT_OBJC_ISA_USAGE = YES_ERROR;
				CLANG_WARN_DOCUMENTATION_COMMENTS = YES;
				CLANG_WARN_EMPTY_BODY = YES;
				CLANG_WARN_ENUM_CONVERSION = YES;
				CLANG_WARN_INFINITE_RECURSION = YES;
				CLANG_WARN_INT_CONVERSION = YES;
				CLANG_WARN_NON_LITERAL_NULL_CONVERSION = YES;
				CLANG_WARN_OBJC_IMPLICIT_RETAIN_SELF = YES;
				CLANG_WARN_OBJC_LITERAL_CONVERSION = YES;
				CLANG_WARN_OBJC_ROOT_CLASS = YES_ERROR;
				CLANG_WARN_QUOTED_INCLUDE_IN_FRAMEWORK_HEADER = YES;
				CLANG_WARN_RANGE_LOOP_ANALYSIS = YES;
				CLANG_WARN_STRICT_PROTOTYPES = YES;
				CLANG_WARN_SUSPICIOUS_MOVE = YES;
				CLANG_WARN_UNGUARDED_AVAILABILITY = YES_AGGRESSIVE;
				CLANG_WARN_UNREACHABLE_CODE = YES;
				CLANG_WARN__DUPLICATE_METHOD_MATCH = YES;
				CODE_SIGN_STYLE = Automatic;
				COPY_PHASE_STRIP = NO;
				CURRENT_PROJECT_VERSION = 1;
				DEBUG_INFORMATION_FORMAT = dwarf;
				DEVELOPMENT_TEAM = 87A6J7UY87;
				ENABLE_STRICT_OBJC_MSGSEND = YES;
				ENABLE_TESTABILITY = YES;
				ENABLE_USER_SCRIPT_SANDBOXING = YES;
				GCC_C_LANGUAGE_STANDARD = gnu11;
				GCC_DYNAMIC_NO_PIC = NO;
				GCC_NO_COMMON_BLOCKS = YES;
				GCC_OPTIMIZATION_LEVEL = 0;
				GCC_PREPROCESSOR_DEFINITIONS = (
					"$(inherited)",
					"DEBUG=1",
				);
				GCC_WARN_64_TO_32_BIT_CONVERSION = YES;
				GCC_WARN_ABOUT_RETURN_TYPE = YES_ERROR;
				GCC_WARN_UNDECLARED_SELECTOR = YES;
				GCC_WARN_UNINITIALIZED_AUTOS = YES_AGGRESSIVE;
				GCC_WARN_UNUSED_FUNCTION = YES;
				GCC_WARN_UNUSED_VARIABLE = YES;
				IPHONEOS_DEPLOYMENT_TARGET = 26.0;
				MARKETING_VERSION = 1.0.0;
				MTL_ENABLE_DEBUG_INFO = INCLUDE_SOURCE;
				MTL_FAST_MATH = YES;
				NEST_WORKER_KEY = "";
				NEST_WORKER_URL = "";
				ONLY_ACTIVE_ARCH = YES;
				PRODUCT_NAME = "$(TARGET_NAME)";
				SWIFT_ACTIVE_COMPILATION_CONDITIONS = DEBUG;
				SWIFT_OPTIMIZATION_LEVEL = "-Onone";
				SWIFT_STRICT_CONCURRENCY = complete;
				SWIFT_VERSION = 6.0;
				WATCHOS_DEPLOYMENT_TARGET = 26.0;
			};
			name = Debug;
		};
		5D1A91D4F7EF96FAE1B53CDD /* Release */ = {
			isa = XCBuildConfiguration;
			buildSettings = {
				ASSETCATALOG_COMPILER_APPICON_NAME = AppIcon;
				ASSETCATALOG_COMPILER_GLOBAL_ACCENT_COLOR_NAME = AccentColor;
				CODE_SIGN_ENTITLEMENTS = App/Nest.entitlements;
				CODE_SIGN_IDENTITY = "iPhone Developer";
				GENERATE_INFOPLIST_FILE = NO;
				INFOPLIST_FILE = App/Info.plist;
				LD_RUNPATH_SEARCH_PATHS = (
					"$(inherited)",
					"@executable_path/Frameworks",
				);
				PRODUCT_BUNDLE_IDENTIFIER = com.yetra.nest;
				SDKROOT = iphoneos;
				TARGETED_DEVICE_FAMILY = 1;
			};
			name = Release;
		};
		67AE9A32BCABA23729B5BDBC /* Debug */ = {
			isa = XCBuildConfiguration;
			buildSettings = {
				CODE_SIGN_ENTITLEMENTS = Widgets/NestWidgets.entitlements;
				GENERATE_INFOPLIST_FILE = NO;
				INFOPLIST_FILE = Widgets/Info.plist;
				LD_RUNPATH_SEARCH_PATHS = (
					"$(inherited)",
					"@executable_path/Frameworks",
					"@executable_path/../../Frameworks",
				);
				PRODUCT_BUNDLE_IDENTIFIER = com.yetra.nest.widgets;
				SDKROOT = iphoneos;
				SKIP_INSTALL = YES;
				TARGETED_DEVICE_FAMILY = 1;
			};
			name = Debug;
		};
		76A61708DBFEF80E17DC2542 /* Release */ = {
			isa = XCBuildConfiguration;
			buildSettings = {
				CODE_SIGN_ENTITLEMENTS = WatchWidgets/NestWatchWidgets.entitlements;
				GENERATE_INFOPLIST_FILE = NO;
				INFOPLIST_FILE = WatchWidgets/Info.plist;
				LD_RUNPATH_SEARCH_PATHS = (
					"$(inherited)",
					"@executable_path/Frameworks",
					"@executable_path/../../Frameworks",
				);
				PRODUCT_BUNDLE_IDENTIFIER = com.yetra.nest.watchkitapp.widgets;
				SDKROOT = watchos;
				SKIP_INSTALL = YES;
				TARGETED_DEVICE_FAMILY = 4;
			};
			name = Release;
		};
		9096F4C6A85F703C7E6CAA4E /* Debug */ = {
			isa = XCBuildConfiguration;
			buildSettings = {
				BUNDLE_LOADER = "$(TEST_HOST)";
				GENERATE_INFOPLIST_FILE = YES;
				LD_RUNPATH_SEARCH_PATHS = (
					"$(inherited)",
					"@executable_path/Frameworks",
					"@loader_path/Frameworks",
				);
				PRODUCT_BUNDLE_IDENTIFIER = com.yetra.NestTests;
				SDKROOT = iphoneos;
				TARGETED_DEVICE_FAMILY = "1,2";
				TEST_HOST = "$(BUILT_PRODUCTS_DIR)/Nest.app/$(BUNDLE_EXECUTABLE_FOLDER_PATH)/Nest";
			};
			name = Debug;
		};
		BE25B962B0F4FB7D696BB74E /* Release */ = {
			isa = XCBuildConfiguration;
			buildSettings = {
				BUNDLE_LOADER = "$(TEST_HOST)";
				GENERATE_INFOPLIST_FILE = YES;
				LD_RUNPATH_SEARCH_PATHS = (
					"$(inherited)",
					"@executable_path/Frameworks",
					"@loader_path/Frameworks",
				);
				PRODUCT_BUNDLE_IDENTIFIER = com.yetra.NestTests;
				SDKROOT = iphoneos;
				TARGETED_DEVICE_FAMILY = "1,2";
				TEST_HOST = "$(BUILT_PRODUCTS_DIR)/Nest.app/$(BUNDLE_EXECUTABLE_FOLDER_PATH)/Nest";
			};
			name = Release;
		};
		D0C7BDFD200FBFBA3C8AB439 /* Release */ = {
			isa = XCBuildConfiguration;
			buildSettings = {
				ASSETCATALOG_COMPILER_APPICON_NAME = AppIcon;
				CODE_SIGN_ENTITLEMENTS = Watch/NestWatch.entitlements;
				GENERATE_INFOPLIST_FILE = NO;
				INFOPLIST_FILE = Watch/Info.plist;
				PRODUCT_BUNDLE_IDENTIFIER = com.yetra.nest.watchkitapp;
				SDKROOT = watchos;
				SKIP_INSTALL = YES;
				TARGETED_DEVICE_FAMILY = 4;
			};
			name = Release;
		};
		EA72C64A9F6F44E8C4AFE022 /* Debug */ = {
			isa = XCBuildConfiguration;
			buildSettings = {
				CODE_SIGN_ENTITLEMENTS = WatchWidgets/NestWatchWidgets.entitlements;
				GENERATE_INFOPLIST_FILE = NO;
				INFOPLIST_FILE = WatchWidgets/Info.plist;
				LD_RUNPATH_SEARCH_PATHS = (
					"$(inherited)",
					"@executable_path/Frameworks",
					"@executable_path/../../Frameworks",
				);
				PRODUCT_BUNDLE_IDENTIFIER = com.yetra.nest.watchkitapp.widgets;
				SDKROOT = watchos;
				SKIP_INSTALL = YES;
				TARGETED_DEVICE_FAMILY = 4;
			};
			name = Debug;
		};
/* End XCBuildConfiguration section */

/* Begin XCConfigurationList section */
		6E84B43E67E8212ED3B4EC10 /* Build configuration list for PBXNativeTarget "NestWatchWidgets" */ = {
			isa = XCConfigurationList;
			buildConfigurations = (
				EA72C64A9F6F44E8C4AFE022 /* Debug */,
				76A61708DBFEF80E17DC2542 /* Release */,
			);
			defaultConfigurationIsVisible = 0;
			defaultConfigurationName = Debug;
		};
		84135FFABFC86D788EDD1CA9 /* Build configuration list for PBXNativeTarget "NestTests" */ = {
			isa = XCConfigurationList;
			buildConfigurations = (
				9096F4C6A85F703C7E6CAA4E /* Debug */,
				BE25B962B0F4FB7D696BB74E /* Release */,
			);
			defaultConfigurationIsVisible = 0;
			defaultConfigurationName = Debug;
		};
		84C167466502383F6E4FB909 /* Build configuration list for PBXProject "Nest" */ = {
			isa = XCConfigurationList;
			buildConfigurations = (
				5A4DC477C5290CD55314A3B7 /* Debug */,
				1CFC4619A497D0D7500224E0 /* Release */,
			);
			defaultConfigurationIsVisible = 0;
			defaultConfigurationName = Debug;
		};
		E88B6B3AD8E73DA228966026 /* Build configuration list for PBXNativeTarget "NestWatch" */ = {
			isa = XCConfigurationList;
			buildConfigurations = (
				43CCDF52261FB88A059ABA8F /* Debug */,
				D0C7BDFD200FBFBA3C8AB439 /* Release */,
			);
			defaultConfigurationIsVisible = 0;
			defaultConfigurationName = Debug;
		};
		E92693CDF5EC586D20090398 /* Build configuration list for PBXNativeTarget "NestWidgets" */ = {
			isa = XCConfigurationList;
			buildConfigurations = (
				67AE9A32BCABA23729B5BDBC /* Debug */,
				422A6BA7C8B3B28DC0AA0792 /* Release */,
			);
			defaultConfigurationIsVisible = 0;
			defaultConfigurationName = Debug;
		};
		FD3CAE5B6FE695AC1ED1E720 /* Build configuration list for PBXNativeTarget "Nest" */ = {
			isa = XCConfigurationList;
			buildConfigurations = (
				2DF4ABE978B9055A472B5714 /* Debug */,
				5D1A91D4F7EF96FAE1B53CDD /* Release */,
			);
			defaultConfigurationIsVisible = 0;
			defaultConfigurationName = Debug;
		};
/* End XCConfigurationList section */

/* Begin XCLocalSwiftPackageReference section */
		5A1FC2738086B1BF8138DDE6 /* XCLocalSwiftPackageReference "NestKit" */ = {
			isa = XCLocalSwiftPackageReference;
			relativePath = NestKit;
		};
/* End XCLocalSwiftPackageReference section */

/* Begin XCSwiftPackageProductDependency section */
		6C1E3D6CB1BC1C2E85379C41 /* NestCore */ = {
			isa = XCSwiftPackageProductDependency;
			productName = NestCore;
		};
		7AFAA1539A9404346C235EA8 /* NestCore */ = {
			isa = XCSwiftPackageProductDependency;
			productName = NestCore;
		};
		97C6049E6AAC09DB2F5F2171 /* NestData */ = {
			isa = XCSwiftPackageProductDependency;
			productName = NestData;
		};
		D613E36B7E97DE73A9DB843E /* NestData */ = {
			isa = XCSwiftPackageProductDependency;
			productName = NestData;
		};
		DAC69ACE5798210CD04F68D5 /* NestData */ = {
			isa = XCSwiftPackageProductDependency;
			productName = NestData;
		};
		E0A55B5589292E65CB5807C8 /* NestCore */ = {
			isa = XCSwiftPackageProductDependency;
			productName = NestCore;
		};
		E11F38CE40596571C394F380 /* NestCore */ = {
			isa = XCSwiftPackageProductDependency;
			productName = NestCore;
		};
		EFA152AEFD3D1000AB281EDC /* NestData */ = {
			isa = XCSwiftPackageProductDependency;
			productName = NestData;
		};
/* End XCSwiftPackageProductDependency section */
	};
	rootObject = 4B84DD9B1BDB714B1F6BDDF4 /* Project object */;
}
